
Microsoft Visual Studio Solution File, Format Version 12.00
# Visual Studio 15
VisualStudioVersion = 15.0.28010.2019
MinimumVisualStudioVersion = 10.0.40219.1
Project("{FAE04EC0-301F-11D3-BF4B-00C04F79EFBC}") = "AdminLTE.RazorPages", "AdminLTE.RazorPages\AdminLTE.RazorPages.csproj", "{02BF7369-3D77-48CD-9ABA-39DA72B369B5}"
EndProject
Global
	GlobalSection(SolutionConfigurationPlatforms) = preSolution
		Debug|Any CPU = Debug|Any CPU
		Release|Any CPU = Release|Any CPU
	EndGlobalSection
	GlobalSection(ProjectConfigurationPlatforms) = postSolution
		{02BF7369-3D77-48CD-9ABA-39DA72B369B5}.Debug|Any CPU.ActiveCfg = Debug|Any CPU
		{02BF7369-3D77-48CD-9ABA-39DA72B369B5}.Debug|Any CPU.Build.0 = Debug|Any CPU
		{02BF7369-3D77-48CD-9ABA-39DA72B369B5}.Release|Any CPU.ActiveCfg = Release|Any CPU
		{02BF7369-3D77-48CD-9ABA-39DA72B369B5}.Release|Any CPU.Build.0 = Release|Any CPU
	EndGlobalSection
	GlobalSection(SolutionProperties) = preSolution
		HideSolutionNode = FALSE
	EndGlobalSection
	GlobalSection(ExtensibilityGlobals) = postSolution
		SolutionGuid = {24C7842E-E931-42CC-B79B-FA3788BCC885}
	EndGlobalSection
EndGlobal
